<?xml version="1.0" encoding="utf-8"?>
<Project ToolsVersion="4.0" xmlns="http://schemas.microsoft.com/developer/msbuild/2003">
  <ItemGroup>
    <Filter Include="Source Files">
      <UniqueIdentifier>{4FC737F1-C7A5-4376-A066-2A32D752A2FF}</UniqueIdentifier>
      <Extensions>cpp;c;cc;cxx;c++;cppm;ixx;def;odl;idl;hpj;bat;asm;asmx</Extensions>
    </Filter>
    <Filter Include="Header Files">
      <UniqueIdentifier>{93995380-89BD-4b04-88EB-625FBE52EBFB}</UniqueIdentifier>
      <Extensions>h;hh;hpp;hxx;h++;hm;inl;inc;ipp;xsd</Extensions>
    </Filter>
    <Filter Include="Resource Files">
      <UniqueIdentifier>{67DA6AB6-F800-4c08-8B7A-83BB121AAD01}</UniqueIdentifier>
      <Extensions>rc;ico;cur;bmp;dlg;rc2;rct;bin;rgs;gif;jpg;jpeg;jpe;resx;tiff;tif;png;wav;mfcribbon-ms</Extensions>
    </Filter>
  </ItemGroup>
  <ItemGroup>
    <ClInclude Include="framework.h">
      <Filter>Header Files</Filter>
    </ClInclude>
    <ClInclude Include="pch.h">
      <Filter>Header Files</Filter>
    </ClInclude>
    <ClInclude Include="DirectX\DX12.h">
      <Filter>Header Files</Filter>
    </ClInclude>
    <ClInclude Include="Helpers\Aimbot\AAHelpers.h">
      <Filter>Header Files</Filter>
    </ClInclude>
    <ClInclude Include="Helpers\Aimbot\AimAssist.h">
      <Filter>Header Files</Filter>
    </ClInclude>
    <ClInclude Include="Helpers\ESP\ESPHelpers.h">
      <Filter>Header Files</Filter>
    </ClInclude>
    <ClInclude Include="Helpers\ESP\ExtraSensoryPerception.h">
      <Filter>Header Files</Filter>
    </ClInclude>
    <ClInclude Include="Helpers\Features\PlayerFeatures.h">
      <Filter>Header Files</Filter>
    </ClInclude>
    <ClInclude Include="Helpers\GUI\GUI.h">
      <Filter>Header Files</Filter>
    </ClInclude>
    <ClInclude Include="Helpers\Rendering\Rendering.h">
      <Filter>Header Files</Filter>
    </ClInclude>
    <ClInclude Include="Hooking\detours.h">
      <Filter>Header Files</Filter>
    </ClInclude>
    <ClInclude Include="Hooking\Hooks.h">
      <Filter>Header Files</Filter>
    </ClInclude>
    <ClInclude Include="Protection\LazyImport.h">
      <Filter>Header Files</Filter>
    </ClInclude>
    <ClInclude Include="Protection\Xors.h">
      <Filter>Header Files</Filter>
    </ClInclude>
    <ClInclude Include="SDK\SDK.h">
      <Filter>Header Files</Filter>
    </ClInclude>
    <ClInclude Include="UnrealEngine\UnrealEngine.h">
      <Filter>Header Files</Filter>
    </ClInclude>
    <ClInclude Include="Utilities\memory.h">
      <Filter>Header Files</Filter>
    </ClInclude>
    <ClInclude Include="Utilities\spoof_call.h">
      <Filter>Header Files</Filter>
    </ClInclude>
    <ClInclude Include="Utilities\string.h">
      <Filter>Header Files</Filter>
    </ClInclude>
    <ClInclude Include="DirectX\ImGuiExtras\Font.h">
      <Filter>Header Files</Filter>
    </ClInclude>
    <ClInclude Include="DirectX\ImGuiExtras\Constellation.h">
      <Filter>Header Files</Filter>
    </ClInclude>
    <ClInclude Include="DirectX\ImGui\imconfig.h">
      <Filter>Header Files</Filter>
    </ClInclude>
    <ClInclude Include="DirectX\ImGui\imgui.h">
      <Filter>Header Files</Filter>
    </ClInclude>
    <ClInclude Include="DirectX\ImGui\imgui_impl_dx11.h">
      <Filter>Header Files</Filter>
    </ClInclude>
    <ClInclude Include="DirectX\ImGui\imgui_impl_dx12.h">
      <Filter>Header Files</Filter>
    </ClInclude>
    <ClInclude Include="DirectX\ImGui\imgui_impl_win32.h">
      <Filter>Header Files</Filter>
    </ClInclude>
    <ClInclude Include="DirectX\ImGui\imgui_internal.h">
      <Filter>Header Files</Filter>
    </ClInclude>
    <ClInclude Include="DirectX\ImGui\imgui_stdlib.h">
      <Filter>Header Files</Filter>
    </ClInclude>
    <ClInclude Include="DirectX\ImGui\imstb_rectpack.h">
      <Filter>Header Files</Filter>
    </ClInclude>
    <ClInclude Include="DirectX\ImGui\imstb_textedit.h">
      <Filter>Header Files</Filter>
    </ClInclude>
    <ClInclude Include="DirectX\ImGui\imstb_truetype.h">
      <Filter>Header Files</Filter>
    </ClInclude>
    <ClInclude Include="DirectX\ImGuiExtras\imgui_addons.h">
      <Filter>Header Files</Filter>
    </ClInclude>
    <ClInclude Include="DirectX\ImGuiExtras\imgui_groups.h">
      <Filter>Header Files</Filter>
    </ClInclude>
    <ClInclude Include="DirectX\ImGuiExtras\IconsFontAwesome6Brands.h">
      <Filter>Header Files</Filter>
    </ClInclude>
    <ClInclude Include="DirectX\ImGuiExtras\Poppins_Medium.h">
      <Filter>Header Files</Filter>
    </ClInclude>
    <ClInclude Include="DirectX\ImGuiExtras\IconsFontAwesome6.h">
      <Filter>Header Files</Filter>
    </ClInclude>
  </ItemGroup>
  <ItemGroup>
    <ClCompile Include="dllmain.cpp">
      <Filter>Source Files</Filter>
    </ClCompile>
    <ClCompile Include="pch.cpp">
      <Filter>Source Files</Filter>
    </ClCompile>
    <ClCompile Include="DirectX\DX12.cpp">
      <Filter>Source Files</Filter>
    </ClCompile>
    <ClCompile Include="Helpers\Aimbot\AAHelpers.cpp">
      <Filter>Source Files</Filter>
    </ClCompile>
    <ClCompile Include="Helpers\Aimbot\AimAssist.cpp">
      <Filter>Source Files</Filter>
    </ClCompile>
    <ClCompile Include="Helpers\ESP\ESPHelpers.cpp">
      <Filter>Source Files</Filter>
    </ClCompile>
    <ClCompile Include="Helpers\ESP\ExtraSensoryPerception.cpp">
      <Filter>Source Files</Filter>
    </ClCompile>
    <ClCompile Include="Helpers\Features\PlayerFeatures.cpp">
      <Filter>Source Files</Filter>
    </ClCompile>
    <ClCompile Include="Helpers\GUI\GUI.cpp">
      <Filter>Source Files</Filter>
    </ClCompile>
    <ClCompile Include="Helpers\Rendering\Rendering.cpp">
      <Filter>Source Files</Filter>
    </ClCompile>
    <ClCompile Include="Hooking\Hooks.cpp">
      <Filter>Source Files</Filter>
    </ClCompile>
    <ClCompile Include="SDK\SDK.cpp">
      <Filter>Source Files</Filter>
    </ClCompile>
    <ClCompile Include="UnrealEngine\UnrealEngine.cpp">
      <Filter>Source Files</Filter>
    </ClCompile>
    <ClCompile Include="Utilities\memory.cpp">
      <Filter>Source Files</Filter>
    </ClCompile>
    <ClCompile Include="Utilities\string.cpp">
      <Filter>Source Files</Filter>
    </ClCompile>
    <ClCompile Include="DirectX\ImGuiExtras\Constellation.cpp">
      <Filter>Source Files</Filter>
    </ClCompile>
    <ClCompile Include="DirectX\ImGui\imgui.cpp">
      <Filter>Source Files</Filter>
    </ClCompile>
    <ClCompile Include="DirectX\ImGui\imgui_demo.cpp">
      <Filter>Source Files</Filter>
    </ClCompile>
    <ClCompile Include="DirectX\ImGui\imgui_draw.cpp">
      <Filter>Source Files</Filter>
    </ClCompile>
    <ClCompile Include="DirectX\ImGui\imgui_impl_dx11.cpp">
      <Filter>Source Files</Filter>
    </ClCompile>
    <ClCompile Include="DirectX\ImGui\imgui_impl_dx12.cpp">
      <Filter>Source Files</Filter>
    </ClCompile>
    <ClCompile Include="DirectX\ImGui\imgui_impl_win32.cpp">
      <Filter>Source Files</Filter>
    </ClCompile>
    <ClCompile Include="DirectX\ImGui\imgui_stdlib.cpp">
      <Filter>Source Files</Filter>
    </ClCompile>
    <ClCompile Include="DirectX\ImGui\imgui_tables.cpp">
      <Filter>Source Files</Filter>
    </ClCompile>
    <ClCompile Include="DirectX\ImGui\imgui_widgets.cpp">
      <Filter>Source Files</Filter>
    </ClCompile>
    <ClCompile Include="DirectX\ImGuiExtras\imgui_addons.cpp">
      <Filter>Source Files</Filter>
    </ClCompile>
    <ClCompile Include="DirectX\ImGuiExtras\imgui_groups.cpp">
      <Filter>Source Files</Filter>
    </ClCompile>
  </ItemGroup>
  <ItemGroup>
    <Library Include="Hooking\detours.lib" />
  </ItemGroup>
  <ItemGroup>
    <MASM Include="Utilities\spoof_call.asm">
      <Filter>Source Files</Filter>
    </MASM>
  </ItemGroup>
</Project>